%{"earmark": {:hex, :earmark, "0.1.10"},
  "ex_doc": {:hex, :ex_doc, "0.6.1"},
  "httpotion": {:hex, :httpotion, "2.1.0"},
  "ibrowse": {:git, "https://github.com/cmullaparthi/ibrowse.git", "ea3305d21f37eced4fac290f64b068e56df7de80", [tag: "v4.1.2"]},
  "jazz": {:hex, :jazz, "0.2.1"},
  "jsonex": {:git, "git://github.com/marcelog/jsonex.git", "82e6c416eed5e791073427bf3079d7ab7b85a1e1", []},
  "jsx": {:git, "git://github.com/talentdeficit/jsx.git", "507fa4c41db33c81e925ab53f4d789d234aaff2f", []},
  "webdriver": {:hex, :webdriver, "0.7.0"}}
